// !$*UTF8*$!
{
	archiveVersion = 1;
	classes = {
	};
	objectVersion = 46;
	objects = {

/* Begin PBXBuildFile section */
		0661304F0DED45429002CFEA /* libPods.a in Frameworks */ = {isa = PBXBuildFile; fileRef = 488AE99DC4924ADF82968D7C /* libPods.a */; };
		AF17A11B1872556F00BA55E8 /* Cocoa.framework in Frameworks */ = {isa = PBXBuildFile; fileRef = AF17A11A1872556F00BA55E8 /* Cocoa.framework */; };
		AF17A1251872556F00BA55E8 /* InfoPlist.strings in Resources */ = {isa = PBXBuildFile; fileRef = AF17A1231872556F00BA55E8 /* InfoPlist.strings */; };
		AF17A1271872556F00BA55E8 /* main.m in Sources */ = {isa = PBXBuildFile; fileRef = AF17A1261872556F00BA55E8 /* main.m */; };
		AF17A12B1872556F00BA55E8 /* Credits.rtf in Resources */ = {isa = PBXBuildFile; fileRef = AF17A1291872556F00BA55E8 /* Credits.rtf */; };
		AF17A12E1872556F00BA55E8 /* MrHydeAppDelegate.m in Sources */ = {isa = PBXBuildFile; fileRef = AF17A12D1872556F00BA55E8 /* MrHydeAppDelegate.m */; };
		AF17A1311872556F00BA55E8 /* MainMenu.xib in Resources */ = {isa = PBXBuildFile; fileRef = AF17A12F1872556F00BA55E8 /* MainMenu.xib */; };
		AF17A1341872556F00BA55E8 /* Mr_Hyde.xcdatamodeld in Sources */ = {isa = PBXBuildFile; fileRef = AF17A1321872556F00BA55E8 /* Mr_Hyde.xcdatamodeld */; };
		AF17A1361872556F00BA55E8 /* Images.xcassets in Resources */ = {isa = PBXBuildFile; fileRef = AF17A1351872556F00BA55E8 /* Images.xcassets */; };
		AF17A13D1872556F00BA55E8 /* XCTest.framework in Frameworks */ = {isa = PBXBuildFile; fileRef = AF17A13C1872556F00BA55E8 /* XCTest.framework */; };
		AF17A13E1872556F00BA55E8 /* Cocoa.framework in Frameworks */ = {isa = PBXBuildFile; fileRef = AF17A11A1872556F00BA55E8 /* Cocoa.framework */; };
		AF17A1461872556F00BA55E8 /* InfoPlist.strings in Resources */ = {isa = PBXBuildFile; fileRef = AF17A1441872556F00BA55E8 /* InfoPlist.strings */; };
		AF17A1481872556F00BA55E8 /* Mr_HydeTests.m in Sources */ = {isa = PBXBuildFile; fileRef = AF17A1471872556F00BA55E8 /* Mr_HydeTests.m */; };
		AF17A1501872556F00BA55E8 /* Mr HydeImporter.mdimporter in Resources */ = {isa = PBXBuildFile; fileRef = AF17A14D1872556F00BA55E8 /* Mr HydeImporter.mdimporter */; };
		AF17A1521872556F00BA55E8 /* CoreServices.framework in Frameworks */ = {isa = PBXBuildFile; fileRef = AF17A1511872556F00BA55E8 /* CoreServices.framework */; };
		AF17A1541872556F00BA55E8 /* CoreFoundation.framework in Frameworks */ = {isa = PBXBuildFile; fileRef = AF17A1531872556F00BA55E8 /* CoreFoundation.framework */; };
		AF17A1561872556F00BA55E8 /* CoreData.framework in Frameworks */ = {isa = PBXBuildFile; fileRef = AF17A1551872556F00BA55E8 /* CoreData.framework */; };
		AF17A1581872556F00BA55E8 /* Foundation.framework in Frameworks */ = {isa = PBXBuildFile; fileRef = AF17A1571872556F00BA55E8 /* Foundation.framework */; };
		AF17A15E1872556F00BA55E8 /* InfoPlist.strings in Resources */ = {isa = PBXBuildFile; fileRef = AF17A15C1872556F00BA55E8 /* InfoPlist.strings */; };
		AF17A1601872556F00BA55E8 /* main.c in Sources */ = {isa = PBXBuildFile; fileRef = AF17A15F1872556F00BA55E8 /* main.c */; };
		AF17A1621872556F00BA55E8 /* GetMetadataForFile.m in Sources */ = {isa = PBXBuildFile; fileRef = AF17A1611872556F00BA55E8 /* GetMetadataForFile.m */; };
		AF17A1651872556F00BA55E8 /* MySpotlightImporter.m in Sources */ = {isa = PBXBuildFile; fileRef = AF17A1641872556F00BA55E8 /* MySpotlightImporter.m */; };
		AF2C07251879F34C009DD239 /* PageFolder.m in Sources */ = {isa = PBXBuildFile; fileRef = AF2C07241879F34C009DD239 /* PageFolder.m */; };
		AF2C0728187A3F9D009DD239 /* NSString+AZInflections.m in Sources */ = {isa = PBXBuildFile; fileRef = AF2C0727187A3F9D009DD239 /* NSString+AZInflections.m */; };
		AF46143E1873355800B940B4 /* Deployment.m in Sources */ = {isa = PBXBuildFile; fileRef = AF46143D1873355800B940B4 /* Deployment.m */; };
		AF4614411873355900B940B4 /* Site.m in Sources */ = {isa = PBXBuildFile; fileRef = AF4614401873355900B940B4 /* Site.m */; };
		AF4614441874AF2100B940B4 /* Site.xib in Resources */ = {isa = PBXBuildFile; fileRef = AF4614421874AF2100B940B4 /* Site.xib */; };
		AF4614471874AF5D00B940B4 /* MrHydeSiteWindowController.m in Sources */ = {isa = PBXBuildFile; fileRef = AF4614461874AF5D00B940B4 /* MrHydeSiteWindowController.m */; };
		AF9ED72F189434DA00AF6804 /* MrHydeFTPDeploymentWorker.m in Sources */ = {isa = PBXBuildFile; fileRef = AF9ED72E189434DA00AF6804 /* MrHydeFTPDeploymentWorker.m */; };
		AFC6195618941E7300226D2B /* MrHydeDeploymentWorker.m in Sources */ = {isa = PBXBuildFile; fileRef = AFC6195518941E7300226D2B /* MrHydeDeploymentWorker.m */; };
		AFC6195C1894235D00226D2B /* MrHydeS3DeploymentWorker.m in Sources */ = {isa = PBXBuildFile; fileRef = AFC6195B1894235D00226D2B /* MrHydeS3DeploymentWorker.m */; };
		AFDB8FD71876531600C969C1 /* Page.m in Sources */ = {isa = PBXBuildFile; fileRef = AFDB8FD61876531600C969C1 /* Page.m */; };
		AFDB8FDA1876532400C969C1 /* Post.m in Sources */ = {isa = PBXBuildFile; fileRef = AFDB8FD91876532400C969C1 /* Post.m */; };
		AFDB8FDE187663B200C969C1 /* NSArray+ContainsNSString.m in Sources */ = {isa = PBXBuildFile; fileRef = AFDB8FDD187663B200C969C1 /* NSArray+ContainsNSString.m */; };
/* End PBXBuildFile section */

/* Begin PBXContainerItemProxy section */
		AF17A13F1872556F00BA55E8 /* PBXContainerItemProxy */ = {
			isa = PBXContainerItemProxy;
			containerPortal = AF17A10F1872556F00BA55E8 /* Project object */;
			proxyType = 1;
			remoteGlobalIDString = AF17A1161872556F00BA55E8;
			remoteInfo = "Mr Hyde";
		};
		AF17A14E1872556F00BA55E8 /* PBXContainerItemProxy */ = {
			isa = PBXContainerItemProxy;
			containerPortal = AF17A10F1872556F00BA55E8 /* Project object */;
			proxyType = 1;
			remoteGlobalIDString = AF17A14C1872556F00BA55E8;
			remoteInfo = "Mr HydeImporter";
		};
/* End PBXContainerItemProxy section */

/* Begin PBXFileReference section */
		488AE99DC4924ADF82968D7C /* libPods.a */ = {isa = PBXFileReference; explicitFileType = archive.ar; includeInIndex = 0; path = libPods.a; sourceTree = BUILT_PRODUCTS_DIR; };
		81B04C82EFC049F3B9AB5712 /* Pods.xcconfig */ = {isa = PBXFileReference; includeInIndex = 1; lastKnownFileType = text.xcconfig; name = Pods.xcconfig; path = Pods/Pods.xcconfig; sourceTree = "<group>"; };
		AF17A1171872556F00BA55E8 /* Mr Hyde.app */ = {isa = PBXFileReference; explicitFileType = wrapper.application; includeInIndex = 0; path = "Mr Hyde.app"; sourceTree = BUILT_PRODUCTS_DIR; };
		AF17A11A1872556F00BA55E8 /* Cocoa.framework */ = {isa = PBXFileReference; lastKnownFileType = wrapper.framework; name = Cocoa.framework; path = System/Library/Frameworks/Cocoa.framework; sourceTree = SDKROOT; };
		AF17A11D1872556F00BA55E8 /* AppKit.framework */ = {isa = PBXFileReference; lastKnownFileType = wrapper.framework; name = AppKit.framework; path = System/Library/Frameworks/AppKit.framework; sourceTree = SDKROOT; };
		AF17A11E1872556F00BA55E8 /* CoreData.framework */ = {isa = PBXFileReference; lastKnownFileType = wrapper.framework; name = CoreData.framework; path = System/Library/Frameworks/CoreData.framework; sourceTree = SDKROOT; };
		AF17A11F1872556F00BA55E8 /* Foundation.framework */ = {isa = PBXFileReference; lastKnownFileType = wrapper.framework; name = Foundation.framework; path = System/Library/Frameworks/Foundation.framework; sourceTree = SDKROOT; };
		AF17A1221872556F00BA55E8 /* Mr Hyde-Info.plist */ = {isa = PBXFileReference; lastKnownFileType = text.plist.xml; path = "Mr Hyde-Info.plist"; sourceTree = "<group>"; };
		AF17A1241872556F00BA55E8 /* en */ = {isa = PBXFileReference; lastKnownFileType = text.plist.strings; name = en; path = en.lproj/InfoPlist.strings; sourceTree = "<group>"; };
		AF17A1261872556F00BA55E8 /* main.m */ = {isa = PBXFileReference; lastKnownFileType = sourcecode.c.objc; path = main.m; sourceTree = "<group>"; };
		AF17A1281872556F00BA55E8 /* Mr Hyde-Prefix.pch */ = {isa = PBXFileReference; lastKnownFileType = sourcecode.c.h; path = "Mr Hyde-Prefix.pch"; sourceTree = "<group>"; };
		AF17A12A1872556F00BA55E8 /* en */ = {isa = PBXFileReference; lastKnownFileType = text.rtf; name = en; path = en.lproj/Credits.rtf; sourceTree = "<group>"; };
		AF17A12C1872556F00BA55E8 /* MrHydeAppDelegate.h */ = {isa = PBXFileReference; lastKnownFileType = sourcecode.c.h; path = MrHydeAppDelegate.h; sourceTree = "<group>"; };
		AF17A12D1872556F00BA55E8 /* MrHydeAppDelegate.m */ = {isa = PBXFileReference; lastKnownFileType = sourcecode.c.objc; path = MrHydeAppDelegate.m; sourceTree = "<group>"; };
		AF17A1301872556F00BA55E8 /* Base */ = {isa = PBXFileReference; lastKnownFileType = file.xib; name = Base; path = Base.lproj/MainMenu.xib; sourceTree = "<group>"; };
		AF17A1331872556F00BA55E8 /* Mr_Hyde.xcdatamodel */ = {isa = PBXFileReference; lastKnownFileType = wrapper.xcdatamodel; path = Mr_Hyde.xcdatamodel; sourceTree = "<group>"; };
		AF17A1351872556F00BA55E8 /* Images.xcassets */ = {isa = PBXFileReference; lastKnownFileType = folder.assetcatalog; path = Images.xcassets; sourceTree = "<group>"; };
		AF17A13B1872556F00BA55E8 /* Mr HydeTests.xctest */ = {isa = PBXFileReference; explicitFileType = wrapper.cfbundle; includeInIndex = 0; path = "Mr HydeTests.xctest"; sourceTree = BUILT_PRODUCTS_DIR; };
		AF17A13C1872556F00BA55E8 /* XCTest.framework */ = {isa = PBXFileReference; lastKnownFileType = wrapper.framework; name = XCTest.framework; path = Library/Frameworks/XCTest.framework; sourceTree = DEVELOPER_DIR; };
		AF17A1431872556F00BA55E8 /* Mr HydeTests-Info.plist */ = {isa = PBXFileReference; lastKnownFileType = text.plist.xml; path = "Mr HydeTests-Info.plist"; sourceTree = "<group>"; };
		AF17A1451872556F00BA55E8 /* en */ = {isa = PBXFileReference; lastKnownFileType = text.plist.strings; name = en; path = en.lproj/InfoPlist.strings; sourceTree = "<group>"; };
		AF17A1471872556F00BA55E8 /* Mr_HydeTests.m */ = {isa = PBXFileReference; lastKnownFileType = sourcecode.c.objc; path = Mr_HydeTests.m; sourceTree = "<group>"; };
		AF17A14D1872556F00BA55E8 /* Mr HydeImporter.mdimporter */ = {isa = PBXFileReference; explicitFileType = wrapper.cfbundle; includeInIndex = 0; path = "Mr HydeImporter.mdimporter"; sourceTree = BUILT_PRODUCTS_DIR; };
		AF17A1511872556F00BA55E8 /* CoreServices.framework */ = {isa = PBXFileReference; lastKnownFileType = wrapper.framework; name = CoreServices.framework; path = System/Library/Frameworks/CoreServices.framework; sourceTree = SDKROOT; };
		AF17A1531872556F00BA55E8 /* CoreFoundation.framework */ = {isa = PBXFileReference; lastKnownFileType = wrapper.framework; name = CoreFoundation.framework; path = System/Library/Frameworks/CoreFoundation.framework; sourceTree = SDKROOT; };
		AF17A1551872556F00BA55E8 /* CoreData.framework */ = {isa = PBXFileReference; lastKnownFileType = wrapper.framework; name = CoreData.framework; path = System/Library/Frameworks/CoreData.framework; sourceTree = SDKROOT; };
		AF17A1571872556F00BA55E8 /* Foundation.framework */ = {isa = PBXFileReference; lastKnownFileType = wrapper.framework; name = Foundation.framework; path = System/Library/Frameworks/Foundation.framework; sourceTree = SDKROOT; };
		AF17A15B1872556F00BA55E8 /* Mr HydeImporter-Info.plist */ = {isa = PBXFileReference; lastKnownFileType = text.plist.xml; path = "Mr HydeImporter-Info.plist"; sourceTree = "<group>"; };
		AF17A15D1872556F00BA55E8 /* en */ = {isa = PBXFileReference; lastKnownFileType = text.plist.strings; name = en; path = en.lproj/InfoPlist.strings; sourceTree = "<group>"; };
		AF17A15F1872556F00BA55E8 /* main.c */ = {isa = PBXFileReference; lastKnownFileType = sourcecode.c.c; path = main.c; sourceTree = "<group>"; };
		AF17A1611872556F00BA55E8 /* GetMetadataForFile.m */ = {isa = PBXFileReference; lastKnownFileType = sourcecode.c.objc; path = GetMetadataForFile.m; sourceTree = "<group>"; };
		AF17A1631872556F00BA55E8 /* MySpotlightImporter.h */ = {isa = PBXFileReference; lastKnownFileType = sourcecode.c.h; path = MySpotlightImporter.h; sourceTree = "<group>"; };
		AF17A1641872556F00BA55E8 /* MySpotlightImporter.m */ = {isa = PBXFileReference; lastKnownFileType = sourcecode.c.objc; path = MySpotlightImporter.m; sourceTree = "<group>"; };
		AF17A1661872556F00BA55E8 /* Importer Read Me.txt */ = {isa = PBXFileReference; lastKnownFileType = text; path = "Importer Read Me.txt"; sourceTree = "<group>"; };
		AF17A1671872556F00BA55E8 /* Mr HydeImporter-Prefix.pch */ = {isa = PBXFileReference; lastKnownFileType = sourcecode.c.h; path = "Mr HydeImporter-Prefix.pch"; sourceTree = "<group>"; };
		AF2C07231879F34C009DD239 /* PageFolder.h */ = {isa = PBXFileReference; fileEncoding = 4; lastKnownFileType = sourcecode.c.h; path = PageFolder.h; sourceTree = "<group>"; };
		AF2C07241879F34C009DD239 /* PageFolder.m */ = {isa = PBXFileReference; fileEncoding = 4; lastKnownFileType = sourcecode.c.objc; path = PageFolder.m; sourceTree = "<group>"; };
		AF2C0726187A3F9D009DD239 /* NSString+AZInflections.h */ = {isa = PBXFileReference; fileEncoding = 4; lastKnownFileType = sourcecode.c.h; path = "NSString+AZInflections.h"; sourceTree = "<group>"; };
		AF2C0727187A3F9D009DD239 /* NSString+AZInflections.m */ = {isa = PBXFileReference; fileEncoding = 4; lastKnownFileType = sourcecode.c.objc; path = "NSString+AZInflections.m"; sourceTree = "<group>"; };
		AF46143C1873355800B940B4 /* Deployment.h */ = {isa = PBXFileReference; fileEncoding = 4; lastKnownFileType = sourcecode.c.h; path = Deployment.h; sourceTree = "<group>"; };
		AF46143D1873355800B940B4 /* Deployment.m */ = {isa = PBXFileReference; fileEncoding = 4; lastKnownFileType = sourcecode.c.objc; path = Deployment.m; sourceTree = "<group>"; };
		AF46143F1873355900B940B4 /* Site.h */ = {isa = PBXFileReference; fileEncoding = 4; lastKnownFileType = sourcecode.c.h; path = Site.h; sourceTree = "<group>"; };
		AF4614401873355900B940B4 /* Site.m */ = {isa = PBXFileReference; fileEncoding = 4; lastKnownFileType = sourcecode.c.objc; path = Site.m; sourceTree = "<group>"; };
		AF4614431874AF2100B940B4 /* Base */ = {isa = PBXFileReference; lastKnownFileType = file.xib; name = Base; path = Base.lproj/Site.xib; sourceTree = "<group>"; };
		AF4614451874AF5D00B940B4 /* MrHydeSiteWindowController.h */ = {isa = PBXFileReference; fileEncoding = 4; lastKnownFileType = sourcecode.c.h; path = MrHydeSiteWindowController.h; sourceTree = "<group>"; };
		AF4614461874AF5D00B940B4 /* MrHydeSiteWindowController.m */ = {isa = PBXFileReference; fileEncoding = 4; lastKnownFileType = sourcecode.c.objc; path = MrHydeSiteWindowController.m; sourceTree = "<group>"; };
		AF9ED72D189434DA00AF6804 /* MrHydeFTPDeploymentWorker.h */ = {isa = PBXFileReference; fileEncoding = 4; lastKnownFileType = sourcecode.c.h; path = MrHydeFTPDeploymentWorker.h; sourceTree = "<group>"; };
		AF9ED72E189434DA00AF6804 /* MrHydeFTPDeploymentWorker.m */ = {isa = PBXFileReference; fileEncoding = 4; lastKnownFileType = sourcecode.c.objc; path = MrHydeFTPDeploymentWorker.m; sourceTree = "<group>"; };
		AFC6195418941E7300226D2B /* MrHydeDeploymentWorker.h */ = {isa = PBXFileReference; fileEncoding = 4; lastKnownFileType = sourcecode.c.h; path = MrHydeDeploymentWorker.h; sourceTree = "<group>"; };
		AFC6195518941E7300226D2B /* MrHydeDeploymentWorker.m */ = {isa = PBXFileReference; fileEncoding = 4; lastKnownFileType = sourcecode.c.objc; path = MrHydeDeploymentWorker.m; sourceTree = "<group>"; };
		AFC6195A1894235D00226D2B /* MrHydeS3DeploymentWorker.h */ = {isa = PBXFileReference; fileEncoding = 4; lastKnownFileType = sourcecode.c.h; path = MrHydeS3DeploymentWorker.h; sourceTree = "<group>"; };
		AFC6195B1894235D00226D2B /* MrHydeS3DeploymentWorker.m */ = {isa = PBXFileReference; fileEncoding = 4; lastKnownFileType = sourcecode.c.objc; path = MrHydeS3DeploymentWorker.m; sourceTree = "<group>"; };
		AFC61978189425C600226D2B /* ConnectionKit.framework */ = {isa = PBXFileReference; lastKnownFileType = wrapper.framework; name = ConnectionKit.framework; path = ConnectionKit/build/Debug/ConnectionKit.framework; sourceTree = "<group>"; };
		AFDB8FD51876531600C969C1 /* Page.h */ = {isa = PBXFileReference; fileEncoding = 4; lastKnownFileType = sourcecode.c.h; path = Page.h; sourceTree = "<group>"; };
		AFDB8FD61876531600C969C1 /* Page.m */ = {isa = PBXFileReference; fileEncoding = 4; lastKnownFileType = sourcecode.c.objc; path = Page.m; sourceTree = "<group>"; };
		AFDB8FD81876532400C969C1 /* Post.h */ = {isa = PBXFileReference; fileEncoding = 4; lastKnownFileType = sourcecode.c.h; path = Post.h; sourceTree = "<group>"; };
		AFDB8FD91876532400C969C1 /* Post.m */ = {isa = PBXFileReference; fileEncoding = 4; lastKnownFileType = sourcecode.c.objc; path = Post.m; sourceTree = "<group>"; };
		AFDB8FDC187663B200C969C1 /* NSArray+ContainsNSString.h */ = {isa = PBXFileReference; fileEncoding = 4; lastKnownFileType = sourcecode.c.h; path = "NSArray+ContainsNSString.h"; sourceTree = "<group>"; };
		AFDB8FDD187663B200C969C1 /* NSArray+ContainsNSString.m */ = {isa = PBXFileReference; fileEncoding = 4; lastKnownFileType = sourcecode.c.objc; path = "NSArray+ContainsNSString.m"; sourceTree = "<group>"; };
/* End PBXFileReference section */

/* Begin PBXFrameworksBuildPhase section */
		AF17A1141872556F00BA55E8 /* Frameworks */ = {
			isa = PBXFrameworksBuildPhase;
			buildActionMask = 2147483647;
			files = (
				AF17A11B1872556F00BA55E8 /* Cocoa.framework in Frameworks */,
				0661304F0DED45429002CFEA /* libPods.a in Frameworks */,
			);
			runOnlyForDeploymentPostprocessing = 0;
		};
		AF17A1381872556F00BA55E8 /* Frameworks */ = {
			isa = PBXFrameworksBuildPhase;
			buildActionMask = 2147483647;
			files = (
				AF17A13E1872556F00BA55E8 /* Cocoa.framework in Frameworks */,
				AF17A13D1872556F00BA55E8 /* XCTest.framework in Frameworks */,
			);
			runOnlyForDeploymentPostprocessing = 0;
		};
		AF17A14A1872556F00BA55E8 /* Frameworks */ = {
			isa = PBXFrameworksBuildPhase;
			buildActionMask = 2147483647;
			files = (
				AF17A1541872556F00BA55E8 /* CoreFoundation.framework in Frameworks */,
				AF17A1561872556F00BA55E8 /* CoreData.framework in Frameworks */,
				AF17A1521872556F00BA55E8 /* CoreServices.framework in Frameworks */,
				AF17A1581872556F00BA55E8 /* Foundation.framework in Frameworks */,
			);
			runOnlyForDeploymentPostprocessing = 0;
		};
/* End PBXFrameworksBuildPhase section */

/* Begin PBXGroup section */
		AF17A10E1872556F00BA55E8 = {
			isa = PBXGroup;
			children = (
				AF17A1201872556F00BA55E8 /* Mr Hyde */,
				AF17A1411872556F00BA55E8 /* Mr HydeTests */,
				AF17A1591872556F00BA55E8 /* Mr HydeImporter */,
				AF17A1191872556F00BA55E8 /* Frameworks */,
				AF17A1181872556F00BA55E8 /* Products */,
				81B04C82EFC049F3B9AB5712 /* Pods.xcconfig */,
			);
			sourceTree = "<group>";
		};
		AF17A1181872556F00BA55E8 /* Products */ = {
			isa = PBXGroup;
			children = (
				AF17A1171872556F00BA55E8 /* Mr Hyde.app */,
				AF17A13B1872556F00BA55E8 /* Mr HydeTests.xctest */,
				AF17A14D1872556F00BA55E8 /* Mr HydeImporter.mdimporter */,
			);
			name = Products;
			sourceTree = "<group>";
		};
		AF17A1191872556F00BA55E8 /* Frameworks */ = {
			isa = PBXGroup;
			children = (
				AFC61978189425C600226D2B /* ConnectionKit.framework */,
				AF17A11A1872556F00BA55E8 /* Cocoa.framework */,
				AF17A13C1872556F00BA55E8 /* XCTest.framework */,
				AF17A1511872556F00BA55E8 /* CoreServices.framework */,
				AF17A1531872556F00BA55E8 /* CoreFoundation.framework */,
				AF17A1551872556F00BA55E8 /* CoreData.framework */,
				AF17A1571872556F00BA55E8 /* Foundation.framework */,
				AF17A11C1872556F00BA55E8 /* Other Frameworks */,
				488AE99DC4924ADF82968D7C /* libPods.a */,
			);
			name = Frameworks;
			sourceTree = "<group>";
		};
		AF17A11C1872556F00BA55E8 /* Other Frameworks */ = {
			isa = PBXGroup;
			children = (
				AF17A11D1872556F00BA55E8 /* AppKit.framework */,
				AF17A11E1872556F00BA55E8 /* CoreData.framework */,
				AF17A11F1872556F00BA55E8 /* Foundation.framework */,
			);
			name = "Other Frameworks";
			sourceTree = "<group>";
		};
		AF17A1201872556F00BA55E8 /* Mr Hyde */ = {
			isa = PBXGroup;
			children = (
				AF17A17C187307BC00BA55E8 /* Code */,
				AF17A1351872556F00BA55E8 /* Images.xcassets */,
				AF17A1321872556F00BA55E8 /* Mr_Hyde.xcdatamodeld */,
				AF17A1211872556F00BA55E8 /* Supporting Files */,
			);
			path = "Mr Hyde";
			sourceTree = "<group>";
		};
		AF17A1211872556F00BA55E8 /* Supporting Files */ = {
			isa = PBXGroup;
			children = (
				AF17A1791873073100BA55E8 /* XIBs */,
				AF17A1221872556F00BA55E8 /* Mr Hyde-Info.plist */,
				AF17A1231872556F00BA55E8 /* InfoPlist.strings */,
				AF17A1261872556F00BA55E8 /* main.m */,
				AF17A1281872556F00BA55E8 /* Mr Hyde-Prefix.pch */,
				AF17A1291872556F00BA55E8 /* Credits.rtf */,
			);
			name = "Supporting Files";
			sourceTree = "<group>";
		};
		AF17A1411872556F00BA55E8 /* Mr HydeTests */ = {
			isa = PBXGroup;
			children = (
				AF17A1471872556F00BA55E8 /* Mr_HydeTests.m */,
				AF17A1421872556F00BA55E8 /* Supporting Files */,
			);
			path = "Mr HydeTests";
			sourceTree = "<group>";
		};
		AF17A1421872556F00BA55E8 /* Supporting Files */ = {
			isa = PBXGroup;
			children = (
				AF17A1431872556F00BA55E8 /* Mr HydeTests-Info.plist */,
				AF17A1441872556F00BA55E8 /* InfoPlist.strings */,
			);
			name = "Supporting Files";
			sourceTree = "<group>";
		};
		AF17A1591872556F00BA55E8 /* Mr HydeImporter */ = {
			isa = PBXGroup;
			children = (
				AF17A1611872556F00BA55E8 /* GetMetadataForFile.m */,
				AF17A1631872556F00BA55E8 /* MySpotlightImporter.h */,
				AF17A1641872556F00BA55E8 /* MySpotlightImporter.m */,
				AF17A1661872556F00BA55E8 /* Importer Read Me.txt */,
				AF17A15A1872556F00BA55E8 /* Supporting Files */,
			);
			path = "Mr HydeImporter";
			sourceTree = "<group>";
		};
		AF17A15A1872556F00BA55E8 /* Supporting Files */ = {
			isa = PBXGroup;
			children = (
				AF17A15B1872556F00BA55E8 /* Mr HydeImporter-Info.plist */,
				AF17A15C1872556F00BA55E8 /* InfoPlist.strings */,
				AF17A15F1872556F00BA55E8 /* main.c */,
				AF17A1671872556F00BA55E8 /* Mr HydeImporter-Prefix.pch */,
			);
			name = "Supporting Files";
			sourceTree = "<group>";
		};
		AF17A1791873073100BA55E8 /* XIBs */ = {
			isa = PBXGroup;
			children = (
				AF17A12F1872556F00BA55E8 /* MainMenu.xib */,
				AF4614421874AF2100B940B4 /* Site.xib */,
			);
			name = XIBs;
			sourceTree = "<group>";
		};
		AF17A17C187307BC00BA55E8 /* Code */ = {
			isa = PBXGroup;
			children = (
				AFDB8FDB1876639000C969C1 /* Categories */,
				AF17A17D187307C300BA55E8 /* Data */,
				AF17A17E187307CE00BA55E8 /* UI */,
			);
			path = Code;
			sourceTree = "<group>";
		};
		AF17A17D187307C300BA55E8 /* Data */ = {
			isa = PBXGroup;
			children = (
				AFC6195318941BB600226D2B /* Deployement Workers */,
				AF46143F1873355900B940B4 /* Site.h */,
				AF4614401873355900B940B4 /* Site.m */,
				AF46143C1873355800B940B4 /* Deployment.h */,
				AF46143D1873355800B940B4 /* Deployment.m */,
				AFDB8FD51876531600C969C1 /* Page.h */,
				AFDB8FD61876531600C969C1 /* Page.m */,
				AFDB8FD81876532400C969C1 /* Post.h */,
				AFDB8FD91876532400C969C1 /* Post.m */,
				AF2C07231879F34C009DD239 /* PageFolder.h */,
				AF2C07241879F34C009DD239 /* PageFolder.m */,
			);
			path = Data;
			sourceTree = "<group>";
		};
		AF17A17E187307CE00BA55E8 /* UI */ = {
			isa = PBXGroup;
			children = (
				AF17A12C1872556F00BA55E8 /* MrHydeAppDelegate.h */,
				AF17A12D1872556F00BA55E8 /* MrHydeAppDelegate.m */,
				AF4614451874AF5D00B940B4 /* MrHydeSiteWindowController.h */,
				AF4614461874AF5D00B940B4 /* MrHydeSiteWindowController.m */,
			);
			path = UI;
			sourceTree = "<group>";
		};
		AFC6195318941BB600226D2B /* Deployement Workers */ = {
			isa = PBXGroup;
			children = (
				AFC6195418941E7300226D2B /* MrHydeDeploymentWorker.h */,
				AFC6195518941E7300226D2B /* MrHydeDeploymentWorker.m */,
				AFC6195A1894235D00226D2B /* MrHydeS3DeploymentWorker.h */,
				AFC6195B1894235D00226D2B /* MrHydeS3DeploymentWorker.m */,
				AF9ED72D189434DA00AF6804 /* MrHydeFTPDeploymentWorker.h */,
				AF9ED72E189434DA00AF6804 /* MrHydeFTPDeploymentWorker.m */,
			);
			name = "Deployement Workers";
			path = "Deployment Workers";
			sourceTree = "<group>";
		};
		AFDB8FDB1876639000C969C1 /* Categories */ = {
			isa = PBXGroup;
			children = (
				AFDB8FDC187663B200C969C1 /* NSArray+ContainsNSString.h */,
				AFDB8FDD187663B200C969C1 /* NSArray+ContainsNSString.m */,
				AF2C0726187A3F9D009DD239 /* NSString+AZInflections.h */,
				AF2C0727187A3F9D009DD239 /* NSString+AZInflections.m */,
			);
			path = Categories;
			sourceTree = "<group>";
		};
/* End PBXGroup section */

/* Begin PBXNativeTarget section */
		AF17A1161872556F00BA55E8 /* Mr Hyde */ = {
			isa = PBXNativeTarget;
			buildConfigurationList = AF17A16D1872556F00BA55E8 /* Build configuration list for PBXNativeTarget "Mr Hyde" */;
			buildPhases = (
				03D9E8655411487B8C49BC24 /* Check Pods Manifest.lock */,
				AF17A1131872556F00BA55E8 /* Sources */,
				AF17A1141872556F00BA55E8 /* Frameworks */,
				AF17A1151872556F00BA55E8 /* Resources */,
				32D97CBD0EDD4F54956A511F /* Copy Pods Resources */,
			);
			buildRules = (
			);
			dependencies = (
				AF17A14F1872556F00BA55E8 /* PBXTargetDependency */,
			);
			name = "Mr Hyde";
			productName = "Mr Hyde";
			productReference = AF17A1171872556F00BA55E8 /* Mr Hyde.app */;
			productType = "com.apple.product-type.application";
		};
		AF17A13A1872556F00BA55E8 /* Mr HydeTests */ = {
			isa = PBXNativeTarget;
			buildConfigurationList = AF17A1701872556F00BA55E8 /* Build configuration list for PBXNativeTarget "Mr HydeTests" */;
			buildPhases = (
				AF17A1371872556F00BA55E8 /* Sources */,
				AF17A1381872556F00BA55E8 /* Frameworks */,
				AF17A1391872556F00BA55E8 /* Resources */,
			);
			buildRules = (
			);
			dependencies = (
				AF17A1401872556F00BA55E8 /* PBXTargetDependency */,
			);
			name = "Mr HydeTests";
			productName = "Mr HydeTests";
			productReference = AF17A13B1872556F00BA55E8 /* Mr HydeTests.xctest */;
			productType = "com.apple.product-type.bundle.unit-test";
		};
		AF17A14C1872556F00BA55E8 /* Mr HydeImporter */ = {
			isa = PBXNativeTarget;
			buildConfigurationList = AF17A16A1872556F00BA55E8 /* Build configuration list for PBXNativeTarget "Mr HydeImporter" */;
			buildPhases = (
				AF17A1491872556F00BA55E8 /* Sources */,
				AF17A14A1872556F00BA55E8 /* Frameworks */,
				AF17A14B1872556F00BA55E8 /* Resources */,
			);
			buildRules = (
			);
			dependencies = (
			);
			name = "Mr HydeImporter";
			productName = "Mr HydeImporter";
			productReference = AF17A14D1872556F00BA55E8 /* Mr HydeImporter.mdimporter */;
			productType = "com.apple.product-type.bundle";
		};
/* End PBXNativeTarget section */

/* Begin PBXProject section */
		AF17A10F1872556F00BA55E8 /* Project object */ = {
			isa = PBXProject;
			attributes = {
				CLASSPREFIX = MrHyde;
				LastUpgradeCheck = 0500;
				ORGANIZATIONNAME = Phoenix4;
				TargetAttributes = {
					AF17A13A1872556F00BA55E8 = {
						TestTargetID = AF17A1161872556F00BA55E8;
					};
				};
			};
			buildConfigurationList = AF17A1121872556F00BA55E8 /* Build configuration list for PBXProject "Mr Hyde" */;
			compatibilityVersion = "Xcode 3.2";
			developmentRegion = English;
			hasScannedForEncodings = 0;
			knownRegions = (
				en,
				Base,
			);
			mainGroup = AF17A10E1872556F00BA55E8;
			productRefGroup = AF17A1181872556F00BA55E8 /* Products */;
			projectDirPath = "";
			projectRoot = "";
			targets = (
				AF17A1161872556F00BA55E8 /* Mr Hyde */,
				AF17A13A1872556F00BA55E8 /* Mr HydeTests */,
				AF17A14C1872556F00BA55E8 /* Mr HydeImporter */,
			);
		};
/* End PBXProject section */

/* Begin PBXResourcesBuildPhase section */
		AF17A1151872556F00BA55E8 /* Resources */ = {
			isa = PBXResourcesBuildPhase;
			buildActionMask = 2147483647;
			files = (
				AF17A1251872556F00BA55E8 /* InfoPlist.strings in Resources */,
				AF17A1501872556F00BA55E8 /* Mr HydeImporter.mdimporter in Resources */,
				AF17A1361872556F00BA55E8 /* Images.xcassets in Resources */,
				AF17A12B1872556F00BA55E8 /* Credits.rtf in Resources */,
				AF4614441874AF2100B940B4 /* Site.xib in Resources */,
				AF17A1311872556F00BA55E8 /* MainMenu.xib in Resources */,
			);
			runOnlyForDeploymentPostprocessing = 0;
		};
		AF17A1391872556F00BA55E8 /* Resources */ = {
			isa = PBXResourcesBuildPhase;
			buildActionMask = 2147483647;
			files = (
				AF17A1461872556F00BA55E8 /* InfoPlist.strings in Resources */,
			);
			runOnlyForDeploymentPostprocessing = 0;
		};
		AF17A14B1872556F00BA55E8 /* Resources */ = {
			isa = PBXResourcesBuildPhase;
			buildActionMask = 2147483647;
			files = (
				AF17A15E1872556F00BA55E8 /* InfoPlist.strings in Resources */,
			);
			runOnlyForDeploymentPostprocessing = 0;
		};
/* End PBXResourcesBuildPhase section */

/* Begin PBXShellScriptBuildPhase section */
		03D9E8655411487B8C49BC24 /* Check Pods Manifest.lock */ = {
			isa = PBXShellScriptBuildPhase;
			buildActionMask = 2147483647;
			files = (
			);
			inputPaths = (
			);
			name = "Check Pods Manifest.lock";
			outputPaths = (
			);
			runOnlyForDeploymentPostprocessing = 0;
			shellPath = /bin/sh;
			shellScript = "diff \"${PODS_ROOT}/../Podfile.lock\" \"${PODS_ROOT}/Manifest.lock\" > /dev/null\nif [[ $? != 0 ]] ; then\n    cat << EOM\nerror: The sandbox is not in sync with the Podfile.lock. Run 'pod install' or update your CocoaPods installation.\nEOM\n    exit 1\nfi\n";
			showEnvVarsInLog = 0;
		};
		32D97CBD0EDD4F54956A511F /* Copy Pods Resources */ = {
			isa = PBXShellScriptBuildPhase;
			buildActionMask = 2147483647;
			files = (
			);
			inputPaths = (
			);
			name = "Copy Pods Resources";
			outputPaths = (
			);
			runOnlyForDeploymentPostprocessing = 0;
			shellPath = /bin/sh;
			shellScript = "\"${SRCROOT}/Pods/Pods-resources.sh\"\n";
			showEnvVarsInLog = 0;
		};
/* End PBXShellScriptBuildPhase section */

/* Begin PBXSourcesBuildPhase section */
		AF17A1131872556F00BA55E8 /* Sources */ = {
			isa = PBXSourcesBuildPhase;
			buildActionMask = 2147483647;
			files = (
				AF46143E1873355800B940B4 /* Deployment.m in Sources */,
				AFDB8FD71876531600C969C1 /* Page.m in Sources */,
				AF4614411873355900B940B4 /* Site.m in Sources */,
				AFC6195618941E7300226D2B /* MrHydeDeploymentWorker.m in Sources */,
				AF17A1271872556F00BA55E8 /* main.m in Sources */,
				AFDB8FDE187663B200C969C1 /* NSArray+ContainsNSString.m in Sources */,
				AF17A1341872556F00BA55E8 /* Mr_Hyde.xcdatamodeld in Sources */,
				AF2C07251879F34C009DD239 /* PageFolder.m in Sources */,
				AF17A12E1872556F00BA55E8 /* MrHydeAppDelegate.m in Sources */,
				AFC6195C1894235D00226D2B /* MrHydeS3DeploymentWorker.m in Sources */,
				AF4614471874AF5D00B940B4 /* MrHydeSiteWindowController.m in Sources */,
				AF2C0728187A3F9D009DD239 /* NSString+AZInflections.m in Sources */,
				AF9ED72F189434DA00AF6804 /* MrHydeFTPDeploymentWorker.m in Sources */,
				AFDB8FDA1876532400C969C1 /* Post.m in Sources */,
			);
			runOnlyForDeploymentPostprocessing = 0;
		};
		AF17A1371872556F00BA55E8 /* Sources */ = {
			isa = PBXSourcesBuildPhase;
			buildActionMask = 2147483647;
			files = (
				AF17A1481872556F00BA55E8 /* Mr_HydeTests.m in Sources */,
			);
			runOnlyForDeploymentPostprocessing = 0;
		};
		AF17A1491872556F00BA55E8 /* Sources */ = {
			isa = PBXSourcesBuildPhase;
			buildActionMask = 2147483647;
			files = (
				AF17A1651872556F00BA55E8 /* MySpotlightImporter.m in Sources */,
				AF17A1601872556F00BA55E8 /* main.c in Sources */,
				AF17A1621872556F00BA55E8 /* GetMetadataForFile.m in Sources */,
			);
			runOnlyForDeploymentPostprocessing = 0;
		};
/* End PBXSourcesBuildPhase section */

/* Begin PBXTargetDependency section */
		AF17A1401872556F00BA55E8 /* PBXTargetDependency */ = {
			isa = PBXTargetDependency;
			target = AF17A1161872556F00BA55E8 /* Mr Hyde */;
			targetProxy = AF17A13F1872556F00BA55E8 /* PBXContainerItemProxy */;
		};
		AF17A14F1872556F00BA55E8 /* PBXTargetDependency */ = {
			isa = PBXTargetDependency;
			target = AF17A14C1872556F00BA55E8 /* Mr HydeImporter */;
			targetProxy = AF17A14E1872556F00BA55E8 /* PBXContainerItemProxy */;
		};
/* End PBXTargetDependency section */

/* Begin PBXVariantGroup section */
		AF17A1231872556F00BA55E8 /* InfoPlist.strings */ = {
			isa = PBXVariantGroup;
			children = (
				AF17A1241872556F00BA55E8 /* en */,
			);
			name = InfoPlist.strings;
			sourceTree = "<group>";
		};
		AF17A1291872556F00BA55E8 /* Credits.rtf */ = {
			isa = PBXVariantGroup;
			children = (
				AF17A12A1872556F00BA55E8 /* en */,
			);
			name = Credits.rtf;
			sourceTree = "<group>";
		};
		AF17A12F1872556F00BA55E8 /* MainMenu.xib */ = {
			isa = PBXVariantGroup;
			children = (
				AF17A1301872556F00BA55E8 /* Base */,
			);
			name = MainMenu.xib;
			sourceTree = "<group>";
		};
		AF17A1441872556F00BA55E8 /* InfoPlist.strings */ = {
			isa = PBXVariantGroup;
			children = (
				AF17A1451872556F00BA55E8 /* en */,
			);
			name = InfoPlist.strings;
			sourceTree = "<group>";
		};
		AF17A15C1872556F00BA55E8 /* InfoPlist.strings */ = {
			isa = PBXVariantGroup;
			children = (
				AF17A15D1872556F00BA55E8 /* en */,
			);
			name = InfoPlist.strings;
			sourceTree = "<group>";
		};
		AF4614421874AF2100B940B4 /* Site.xib */ = {
			isa = PBXVariantGroup;
			children = (
				AF4614431874AF2100B940B4 /* Base */,
			);
			name = Site.xib;
			sourceTree = "<group>";
		};
/* End PBXVariantGroup section */

/* Begin XCBuildConfiguration section */
		AF17A1681872556F00BA55E8 /* Debug */ = {
			isa = XCBuildConfiguration;
			buildSettings = {
				ALWAYS_SEARCH_USER_PATHS = NO;
				CLANG_CXX_LANGUAGE_STANDARD = "gnu++0x";
				CLANG_CXX_LIBRARY = "libc++";
				CLANG_ENABLE_OBJC_ARC = YES;
				CLANG_WARN_BOOL_CONVERSION = YES;
				CLANG_WARN_CONSTANT_CONVERSION = YES;
				CLANG_WARN_DIRECT_OBJC_ISA_USAGE = YES_ERROR;
				CLANG_WARN_EMPTY_BODY = YES;
				CLANG_WARN_ENUM_CONVERSION = YES;
				CLANG_WARN_INT_CONVERSION = YES;
				CLANG_WARN_OBJC_ROOT_CLASS = YES_ERROR;
				CLANG_WARN__DUPLICATE_METHOD_MATCH = YES;
				COPY_PHASE_STRIP = NO;
				GCC_C_LANGUAGE_STANDARD = gnu99;
				GCC_DYNAMIC_NO_PIC = NO;
				GCC_ENABLE_OBJC_EXCEPTIONS = YES;
				GCC_OPTIMIZATION_LEVEL = 0;
				GCC_PREPROCESSOR_DEFINITIONS = (
					"DEBUG=1",
					"$(inherited)",
				);
				GCC_SYMBOLS_PRIVATE_EXTERN = NO;
				GCC_WARN_64_TO_32_BIT_CONVERSION = YES;
				GCC_WARN_ABOUT_RETURN_TYPE = YES_ERROR;
				GCC_WARN_UNDECLARED_SELECTOR = YES;
				GCC_WARN_UNINITIALIZED_AUTOS = YES;
				GCC_WARN_UNUSED_FUNCTION = YES;
				GCC_WARN_UNUSED_VARIABLE = YES;
				MACOSX_DEPLOYMENT_TARGET = 10.9;
				ONLY_ACTIVE_ARCH = YES;
				SDKROOT = macosx;
			};
			name = Debug;
		};
		AF17A1691872556F00BA55E8 /* Release */ = {
			isa = XCBuildConfiguration;
			buildSettings = {
				ALWAYS_SEARCH_USER_PATHS = NO;
				CLANG_CXX_LANGUAGE_STANDARD = "gnu++0x";
				CLANG_CXX_LIBRARY = "libc++";
				CLANG_ENABLE_OBJC_ARC = YES;
				CLANG_WARN_BOOL_CONVERSION = YES;
				CLANG_WARN_CONSTANT_CONVERSION = YES;
				CLANG_WARN_DIRECT_OBJC_ISA_USAGE = YES_ERROR;
				CLANG_WARN_EMPTY_BODY = YES;
				CLANG_WARN_ENUM_CONVERSION = YES;
				CLANG_WARN_INT_CONVERSION = YES;
				CLANG_WARN_OBJC_ROOT_CLASS = YES_ERROR;
				CLANG_WARN__DUPLICATE_METHOD_MATCH = YES;
				COPY_PHASE_STRIP = YES;
				DEBUG_INFORMATION_FORMAT = "dwarf-with-dsym";
				ENABLE_NS_ASSERTIONS = NO;
				GCC_C_LANGUAGE_STANDARD = gnu99;
				GCC_ENABLE_OBJC_EXCEPTIONS = YES;
				GCC_WARN_64_TO_32_BIT_CONVERSION = YES;
				GCC_WARN_ABOUT_RETURN_TYPE = YES_ERROR;
				GCC_WARN_UNDECLARED_SELECTOR = YES;
				GCC_WARN_UNINITIALIZED_AUTOS = YES;
				GCC_WARN_UNUSED_FUNCTION = YES;
				GCC_WARN_UNUSED_VARIABLE = YES;
				MACOSX_DEPLOYMENT_TARGET = 10.9;
				SDKROOT = macosx;
			};
			name = Release;
		};
		AF17A16B1872556F00BA55E8 /* Debug */ = {
			isa = XCBuildConfiguration;
			buildSettings = {
				ALWAYS_SEARCH_USER_PATHS = YES;
				COMBINE_HIDPI_IMAGES = YES;
				GCC_PRECOMPILE_PREFIX_HEADER = YES;
				GCC_PREFIX_HEADER = "Mr HydeImporter/Mr HydeImporter-Prefix.pch";
				GCC_PREPROCESSOR_DEFINITIONS = (
					"DEBUG=1",
					"$(inherited)",
				);
				INFOPLIST_FILE = "Mr HydeImporter/Mr HydeImporter-Info.plist";
				INSTALL_PATH = "@executable_path/../Contents/Library/Spotlight";
				LIBRARY_STYLE = BUNDLE;
				PRODUCT_NAME = "$(TARGET_NAME)";
				SKIP_INSTALL = YES;
				WRAPPER_EXTENSION = mdimporter;
			};
			name = Debug;
		};
		AF17A16C1872556F00BA55E8 /* Release */ = {
			isa = XCBuildConfiguration;
			buildSettings = {
				ALWAYS_SEARCH_USER_PATHS = YES;
				COMBINE_HIDPI_IMAGES = YES;
				GCC_PRECOMPILE_PREFIX_HEADER = YES;
				GCC_PREFIX_HEADER = "Mr HydeImporter/Mr HydeImporter-Prefix.pch";
				INFOPLIST_FILE = "Mr HydeImporter/Mr HydeImporter-Info.plist";
				INSTALL_PATH = "@executable_path/../Contents/Library/Spotlight";
				LIBRARY_STYLE = BUNDLE;
				PRODUCT_NAME = "$(TARGET_NAME)";
				SKIP_INSTALL = YES;
				WRAPPER_EXTENSION = mdimporter;
			};
			name = Release;
		};
		AF17A16E1872556F00BA55E8 /* Debug */ = {
			isa = XCBuildConfiguration;
			baseConfigurationReference = 81B04C82EFC049F3B9AB5712 /* Pods.xcconfig */;
			buildSettings = {
				ASSETCATALOG_COMPILER_APPICON_NAME = AppIcon;
				COMBINE_HIDPI_IMAGES = YES;
				GCC_PRECOMPILE_PREFIX_HEADER = YES;
				GCC_PREFIX_HEADER = "Mr Hyde/Mr Hyde-Prefix.pch";
				INFOPLIST_FILE = "Mr Hyde/Mr Hyde-Info.plist";
				PRODUCT_NAME = "$(TARGET_NAME)";
				WRAPPER_EXTENSION = app;
			};
			name = Debug;
		};
		AF17A16F1872556F00BA55E8 /* Release */ = {
			isa = XCBuildConfiguration;
			baseConfigurationReference = 81B04C82EFC049F3B9AB5712 /* Pods.xcconfig */;
			buildSettings = {
				ASSETCATALOG_COMPILER_APPICON_NAME = AppIcon;
				COMBINE_HIDPI_IMAGES = YES;
				GCC_PRECOMPILE_PREFIX_HEADER = YES;
				GCC_PREFIX_HEADER = "Mr Hyde/Mr Hyde-Prefix.pch";
				INFOPLIST_FILE = "Mr Hyde/Mr Hyde-Info.plist";
				PRODUCT_NAME = "$(TARGET_NAME)";
				WRAPPER_EXTENSION = app;
			};
			name = Release;
		};
		AF17A1711872556F00BA55E8 /* Debug */ = {
			isa = XCBuildConfiguration;
			buildSettings = {
				BUNDLE_LOADER = "$(BUILT_PRODUCTS_DIR)/Mr Hyde.app/Contents/MacOS/Mr Hyde";
				COMBINE_HIDPI_IMAGES = YES;
				FRAMEWORK_SEARCH_PATHS = (
					"$(DEVELOPER_FRAMEWORKS_DIR)",
					"$(inherited)",
				);
				GCC_PRECOMPILE_PREFIX_HEADER = YES;
				GCC_PREFIX_HEADER = "Mr Hyde/Mr Hyde-Prefix.pch";
				GCC_PREPROCESSOR_DEFINITIONS = (
					"DEBUG=1",
					"$(inherited)",
				);
				INFOPLIST_FILE = "Mr HydeTests/Mr HydeTests-Info.plist";
				PRODUCT_NAME = "$(TARGET_NAME)";
				TEST_HOST = "$(BUNDLE_LOADER)";
				WRAPPER_EXTENSION = xctest;
			};
			name = Debug;
		};
		AF17A1721872556F00BA55E8 /* Release */ = {
			isa = XCBuildConfiguration;
			buildSettings = {
				BUNDLE_LOADER = "$(BUILT_PRODUCTS_DIR)/Mr Hyde.app/Contents/MacOS/Mr Hyde";
				COMBINE_HIDPI_IMAGES = YES;
				FRAMEWORK_SEARCH_PATHS = (
					"$(DEVELOPER_FRAMEWORKS_DIR)",
					"$(inherited)",
				);
				GCC_PRECOMPILE_PREFIX_HEADER = YES;
				GCC_PREFIX_HEADER = "Mr Hyde/Mr Hyde-Prefix.pch";
				INFOPLIST_FILE = "Mr HydeTests/Mr HydeTests-Info.plist";
				PRODUCT_NAME = "$(TARGET_NAME)";
				TEST_HOST = "$(BUNDLE_LOADER)";
				WRAPPER_EXTENSION = xctest;
			};
			name = Release;
		};
/* End XCBuildConfiguration section */

/* Begin XCConfigurationList section */
		AF17A1121872556F00BA55E8 /* Build configuration list for PBXProject "Mr Hyde" */ = {
			isa = XCConfigurationList;
			buildConfigurations = (
				AF17A1681872556F00BA55E8 /* Debug */,
				AF17A1691872556F00BA55E8 /* Release */,
			);
			defaultConfigurationIsVisible = 0;
			defaultConfigurationName = Release;
		};
		AF17A16A1872556F00BA55E8 /* Build configuration list for PBXNativeTarget "Mr HydeImporter" */ = {
			isa = XCConfigurationList;
			buildConfigurations = (
				AF17A16B1872556F00BA55E8 /* Debug */,
				AF17A16C1872556F00BA55E8 /* Release */,
			);
			defaultConfigurationIsVisible = 0;
			defaultConfigurationName = Release;
		};
		AF17A16D1872556F00BA55E8 /* Build configuration list for PBXNativeTarget "Mr Hyde" */ = {
			isa = XCConfigurationList;
			buildConfigurations = (
				AF17A16E1872556F00BA55E8 /* Debug */,
				AF17A16F1872556F00BA55E8 /* Release */,
			);
			defaultConfigurationIsVisible = 0;
			defaultConfigurationName = Release;
		};
		AF17A1701872556F00BA55E8 /* Build configuration list for PBXNativeTarget "Mr HydeTests" */ = {
			isa = XCConfigurationList;
			buildConfigurations = (
				AF17A1711872556F00BA55E8 /* Debug */,
				AF17A1721872556F00BA55E8 /* Release */,
			);
			defaultConfigurationIsVisible = 0;
			defaultConfigurationName = Release;
		};
/* End XCConfigurationList section */

/* Begin XCVersionGroup section */
		AF17A1321872556F00BA55E8 /* Mr_Hyde.xcdatamodeld */ = {
			isa = XCVersionGroup;
			children = (
				AF17A1331872556F00BA55E8 /* Mr_Hyde.xcdatamodel */,
			);
			currentVersion = AF17A1331872556F00BA55E8 /* Mr_Hyde.xcdatamodel */;
			path = Mr_Hyde.xcdatamodeld;
			sourceTree = "<group>";
			versionGroupType = wrapper.xcdatamodel;
		};
/* End XCVersionGroup section */
	};
	rootObject = AF17A10F1872556F00BA55E8 /* Project object */;
}
